{
    "hash": "61ff8708f75b304c600eec8b61655b97",
    "packages": [
        {
            "package": "monolog/monolog",
            "version": "1.0.2"
        },
        {
            "package": "symfony/process",
            "version": "dev-master",
            "source-reference": "fc536cce9e41251135595a8fa21635800199b51b",
            "alias-pretty-version": "2.1.x-dev",
            "alias-version": "2.1.9999999.9999999-dev"
        },
        {
            "package": "symfony/process",
            "version": "dev-master",
            "source-reference": "fc536cce9e41251135595a8fa21635800199b51b"
        }
    ],
    "packages-dev": null,
    "aliases": [

    ],
    "minimum-stability": "dev",
    "stability-flags": {
        "fabpot/php-cs-fixer": 20,
        "sami/sami": 20
    }
}
