{
    "hash": "b93a2269cc31557f68b571c89175ad6f",
    "packages": [
        {
            "package": "monolog/monolog",
            "version": "1.0.2"
        },
        {
            "package": "symfony/process",
            "version": "dev-master",
            "source-reference": "106f2db51cecf2fe5ee59e428b8f4a918c4034fa"
        }
    ],
    "packages-dev": null,
    "aliases": []
}
